// !$*UTF8*$!
{
	archiveVersion = 1;
	classes = {
	};
	objectVersion = 51;
	objects = {

/* Begin PBXBuildFile section */
		0081F75F26D4CDDB00094453 /* PocketbookGrade.swift in Sources */ = {isa = PBXBuildFile; fileRef = 0081F75E26D4CDDB00094453 /* PocketbookGrade.swift */; };
		0088157926C20ACE008EADD1 /* AppDelegate.swift in Sources */ = {isa = PBXBuildFile; fileRef = 0088157826C20ACE008EADD1 /* AppDelegate.swift */; };
		0088157B26C20ACE008EADD1 /* SceneDelegate.swift in Sources */ = {isa = PBXBuildFile; fileRef = 0088157A26C20ACE008EADD1 /* SceneDelegate.swift */; };
		0088158026C20ACE008EADD1 /* Main.storyboard in Resources */ = {isa = PBXBuildFile; fileRef = 0088157E26C20ACE008EADD1 /* Main.storyboard */; };
		0088158226C20ACF008EADD1 /* Assets.xcassets in Resources */ = {isa = PBXBuildFile; fileRef = 0088158126C20ACF008EADD1 /* Assets.xcassets */; };
		0088158526C20ACF008EADD1 /* LaunchScreen.storyboard in Resources */ = {isa = PBXBuildFile; fileRef = 0088158326C20ACF008EADD1 /* LaunchScreen.storyboard */; };
		0088158D26C210A8008EADD1 /* LoginViewController.swift in Sources */ = {isa = PBXBuildFile; fileRef = 0088158C26C210A8008EADD1 /* LoginViewController.swift */; };
		0088158F26C210C9008EADD1 /* HomeViewController.swift in Sources */ = {isa = PBXBuildFile; fileRef = 0088158E26C210C9008EADD1 /* HomeViewController.swift */; };
		0088159126C21135008EADD1 /* IndependenceViewController.swift in Sources */ = {isa = PBXBuildFile; fileRef = 0088159026C21135008EADD1 /* IndependenceViewController.swift */; };
		0088159326C21172008EADD1 /* PocketbookViewController.swift in Sources */ = {isa = PBXBuildFile; fileRef = 0088159226C21172008EADD1 /* PocketbookViewController.swift */; };
		0088159726C21215008EADD1 /* GuidanceViewController.swift in Sources */ = {isa = PBXBuildFile; fileRef = 0088159626C21215008EADD1 /* GuidanceViewController.swift */; };
		0088159D26C21361008EADD1 /* ConsentViewController.swift in Sources */ = {isa = PBXBuildFile; fileRef = 0088159C26C21361008EADD1 /* ConsentViewController.swift */; };
		0088159F26C26A84008EADD1 /* AccountViewController.swift in Sources */ = {isa = PBXBuildFile; fileRef = 0088159E26C26A83008EADD1 /* AccountViewController.swift */; };
		008815A126C26FDC008EADD1 /* TabBarController.swift in Sources */ = {isa = PBXBuildFile; fileRef = 008815A026C26FDC008EADD1 /* TabBarController.swift */; };
		0089BA3426D91ECD0008F327 /* ResetPasswordViewController.swift in Sources */ = {isa = PBXBuildFile; fileRef = 0089BA3326D91ECD0008F327 /* ResetPasswordViewController.swift */; };
		008E739F26D096880089A450 /* Const.swift in Sources */ = {isa = PBXBuildFile; fileRef = 008E739E26D096880089A450 /* Const.swift */; };
		0099D77A26CDFD75002B38EF /* BirthdayViewController.swift in Sources */ = {isa = PBXBuildFile; fileRef = 0099D77926CDFD75002B38EF /* BirthdayViewController.swift */; };
		0099D77C26CDFDF6002B38EF /* FirstVisitViewController.swift in Sources */ = {isa = PBXBuildFile; fileRef = 0099D77B26CDFDF6002B38EF /* FirstVisitViewController.swift */; };
		0099D77E26CDFF05002B38EF /* DiagnosisViewController.swift in Sources */ = {isa = PBXBuildFile; fileRef = 0099D77D26CDFF05002B38EF /* DiagnosisViewController.swift */; };
		0099D78026CDFFDD002B38EF /* UpdateIndependenceViewController.swift in Sources */ = {isa = PBXBuildFile; fileRef = 0099D77F26CDFFDD002B38EF /* UpdateIndependenceViewController.swift */; };
		0099D78226CE001D002B38EF /* UpdatePocketbookViewController.swift in Sources */ = {isa = PBXBuildFile; fileRef = 0099D78126CE001D002B38EF /* UpdatePocketbookViewController.swift */; };
		0099D78626CE546C002B38EF /* EmailEditingViewController.swift in Sources */ = {isa = PBXBuildFile; fileRef = 0099D78526CE546C002B38EF /* EmailEditingViewController.swift */; };
		009E2D9A26D1E3EE009E7D2C /* PostData.swift in Sources */ = {isa = PBXBuildFile; fileRef = 009E2D9926D1E3EE009E7D2C /* PostData.swift */; };
		00ACACD726EB481B003BC8D8 /* IndGuidance.swift in Sources */ = {isa = PBXBuildFile; fileRef = 00ACACD626EB481B003BC8D8 /* IndGuidance.swift */; };
		00C058BE26C5FFD300B543E7 /* GoogleService-Info.plist in Resources */ = {isa = PBXBuildFile; fileRef = 00C058BD26C5FFD300B543E7 /* GoogleService-Info.plist */; };
		00D8EE9726CCAF7D005FFB10 /* NameEditingViewController.swift in Sources */ = {isa = PBXBuildFile; fileRef = 00D8EE9626CCAF7D005FFB10 /* NameEditingViewController.swift */; };
		00D8EE9926CDF8D9005FFB10 /* PurposeInputViewController.swift in Sources */ = {isa = PBXBuildFile; fileRef = 00D8EE9826CDF8D9005FFB10 /* PurposeInputViewController.swift */; };
		00F4A24726DCC7BF00622A36 /* CreateAccountViewController.swift in Sources */ = {isa = PBXBuildFile; fileRef = 00F4A24626DCC7BF00622A36 /* CreateAccountViewController.swift */; };
		A4490DDC49C2A3F7FEF8F743 /* Pods_outpatientapp.framework in Frameworks */ = {isa = PBXBuildFile; fileRef = C5EA8AD7D7F7745D55BB2E0B /* Pods_outpatientapp.framework */; };
/* End PBXBuildFile section */

/* Begin PBXFileReference section */
		0081F75E26D4CDDB00094453 /* PocketbookGrade.swift */ = {isa = PBXFileReference; lastKnownFileType = sourcecode.swift; path = PocketbookGrade.swift; sourceTree = "<group>"; };
		0088157526C20ACE008EADD1 /* outpatientapp.app */ = {isa = PBXFileReference; explicitFileType = wrapper.application; includeInIndex = 0; path = outpatientapp.app; sourceTree = BUILT_PRODUCTS_DIR; };
		0088157826C20ACE008EADD1 /* AppDelegate.swift */ = {isa = PBXFileReference; lastKnownFileType = sourcecode.swift; path = AppDelegate.swift; sourceTree = "<group>"; };
		0088157A26C20ACE008EADD1 /* SceneDelegate.swift */ = {isa = PBXFileReference; lastKnownFileType = sourcecode.swift; path = SceneDelegate.swift; sourceTree = "<group>"; };
		0088157F26C20ACE008EADD1 /* Base */ = {isa = PBXFileReference; lastKnownFileType = file.storyboard; name = Base; path = Base.lproj/Main.storyboard; sourceTree = "<group>"; };
		0088158126C20ACF008EADD1 /* Assets.xcassets */ = {isa = PBXFileReference; lastKnownFileType = folder.assetcatalog; path = Assets.xcassets; sourceTree = "<group>"; };
		0088158426C20ACF008EADD1 /* Base */ = {isa = PBXFileReference; lastKnownFileType = file.storyboard; name = Base; path = Base.lproj/LaunchScreen.storyboard; sourceTree = "<group>"; };
		0088158626C20ACF008EADD1 /* Info.plist */ = {isa = PBXFileReference; lastKnownFileType = text.plist.xml; path = Info.plist; sourceTree = "<group>"; };
		0088158C26C210A8008EADD1 /* LoginViewController.swift */ = {isa = PBXFileReference; lastKnownFileType = sourcecode.swift; path = LoginViewController.swift; sourceTree = "<group>"; };
		0088158E26C210C9008EADD1 /* HomeViewController.swift */ = {isa = PBXFileReference; lastKnownFileType = sourcecode.swift; path = HomeViewController.swift; sourceTree = "<group>"; };
		0088159026C21135008EADD1 /* IndependenceViewController.swift */ = {isa = PBXFileReference; lastKnownFileType = sourcecode.swift; path = IndependenceViewController.swift; sourceTree = "<group>"; };
		0088159226C21172008EADD1 /* PocketbookViewController.swift */ = {isa = PBXFileReference; lastKnownFileType = sourcecode.swift; path = PocketbookViewController.swift; sourceTree = "<group>"; };
		0088159626C21215008EADD1 /* GuidanceViewController.swift */ = {isa = PBXFileReference; lastKnownFileType = sourcecode.swift; path = GuidanceViewController.swift; sourceTree = "<group>"; };
		0088159C26C21361008EADD1 /* ConsentViewController.swift */ = {isa = PBXFileReference; lastKnownFileType = sourcecode.swift; path = ConsentViewController.swift; sourceTree = "<group>"; };
		0088159E26C26A83008EADD1 /* AccountViewController.swift */ = {isa = PBXFileReference; lastKnownFileType = sourcecode.swift; path = AccountViewController.swift; sourceTree = "<group>"; };
		008815A026C26FDC008EADD1 /* TabBarController.swift */ = {isa = PBXFileReference; lastKnownFileType = sourcecode.swift; path = TabBarController.swift; sourceTree = "<group>"; };
		0089BA3326D91ECD0008F327 /* ResetPasswordViewController.swift */ = {isa = PBXFileReference; lastKnownFileType = sourcecode.swift; path = ResetPasswordViewController.swift; sourceTree = "<group>"; };
		008E739E26D096880089A450 /* Const.swift */ = {isa = PBXFileReference; lastKnownFileType = sourcecode.swift; path = Const.swift; sourceTree = "<group>"; };
		0099D77926CDFD75002B38EF /* BirthdayViewController.swift */ = {isa = PBXFileReference; lastKnownFileType = sourcecode.swift; path = BirthdayViewController.swift; sourceTree = "<group>"; };
		0099D77B26CDFDF6002B38EF /* FirstVisitViewController.swift */ = {isa = PBXFileReference; lastKnownFileType = sourcecode.swift; path = FirstVisitViewController.swift; sourceTree = "<group>"; };
		0099D77D26CDFF05002B38EF /* DiagnosisViewController.swift */ = {isa = PBXFileReference; lastKnownFileType = sourcecode.swift; path = DiagnosisViewController.swift; sourceTree = "<group>"; };
		0099D77F26CDFFDD002B38EF /* UpdateIndependenceViewController.swift */ = {isa = PBXFileReference; lastKnownFileType = sourcecode.swift; path = UpdateIndependenceViewController.swift; sourceTree = "<group>"; };
		0099D78126CE001D002B38EF /* UpdatePocketbookViewController.swift */ = {isa = PBXFileReference; lastKnownFileType = sourcecode.swift; path = UpdatePocketbookViewController.swift; sourceTree = "<group>"; };
		0099D78526CE546C002B38EF /* EmailEditingViewController.swift */ = {isa = PBXFileReference; lastKnownFileType = sourcecode.swift; path = EmailEditingViewController.swift; sourceTree = "<group>"; };
		009E2D9926D1E3EE009E7D2C /* PostData.swift */ = {isa = PBXFileReference; lastKnownFileType = sourcecode.swift; path = PostData.swift; sourceTree = "<group>"; };
		00ACACD626EB481B003BC8D8 /* IndGuidance.swift */ = {isa = PBXFileReference; lastKnownFileType = sourcecode.swift; path = IndGuidance.swift; sourceTree = "<group>"; };
		00C058BD26C5FFD300B543E7 /* GoogleService-Info.plist */ = {isa = PBXFileReference; lastKnownFileType = text.plist; path = "GoogleService-Info.plist"; sourceTree = SOURCE_ROOT; };
		00D8EE9626CCAF7D005FFB10 /* NameEditingViewController.swift */ = {isa = PBXFileReference; lastKnownFileType = sourcecode.swift; path = NameEditingViewController.swift; sourceTree = "<group>"; };
		00D8EE9826CDF8D9005FFB10 /* PurposeInputViewController.swift */ = {isa = PBXFileReference; lastKnownFileType = sourcecode.swift; path = PurposeInputViewController.swift; sourceTree = "<group>"; };
		00F4A24626DCC7BF00622A36 /* CreateAccountViewController.swift */ = {isa = PBXFileReference; lastKnownFileType = sourcecode.swift; path = CreateAccountViewController.swift; sourceTree = "<group>"; };
		0A8E545A7C550C1B0768768D /* Pods-outpatientapp.debug.xcconfig */ = {isa = PBXFileReference; includeInIndex = 1; lastKnownFileType = text.xcconfig; name = "Pods-outpatientapp.debug.xcconfig"; path = "Target Support Files/Pods-outpatientapp/Pods-outpatientapp.debug.xcconfig"; sourceTree = "<group>"; };
		23441A376676536A5ECD0353 /* Pods-outpatientapp.release.xcconfig */ = {isa = PBXFileReference; includeInIndex = 1; lastKnownFileType = text.xcconfig; name = "Pods-outpatientapp.release.xcconfig"; path = "Target Support Files/Pods-outpatientapp/Pods-outpatientapp.release.xcconfig"; sourceTree = "<group>"; };
		C5EA8AD7D7F7745D55BB2E0B /* Pods_outpatientapp.framework */ = {isa = PBXFileReference; explicitFileType = wrapper.framework; includeInIndex = 0; path = Pods_outpatientapp.framework; sourceTree = BUILT_PRODUCTS_DIR; };
/* End PBXFileReference section */

/* Begin PBXFrameworksBuildPhase section */
		0088157226C20ACE008EADD1 /* Frameworks */ = {
			isa = PBXFrameworksBuildPhase;
			buildActionMask = 2147483647;
			files = (
				A4490DDC49C2A3F7FEF8F743 /* Pods_outpatientapp.framework in Frameworks */,
			);
			runOnlyForDeploymentPostprocessing = 0;
		};
/* End PBXFrameworksBuildPhase section */

/* Begin PBXGroup section */
		0088156C26C20ACE008EADD1 = {
			isa = PBXGroup;
			children = (
				0088157726C20ACE008EADD1 /* outpatientapp */,
				0088157626C20ACE008EADD1 /* Products */,
				76CD33E50CA4B8DE02AD5046 /* Pods */,
				065D39886D91C6340A48C22E /* Frameworks */,
			);
			sourceTree = "<group>";
		};
		0088157626C20ACE008EADD1 /* Products */ = {
			isa = PBXGroup;
			children = (
				0088157526C20ACE008EADD1 /* outpatientapp.app */,
			);
			name = Products;
			sourceTree = "<group>";
		};
		0088157726C20ACE008EADD1 /* outpatientapp */ = {
			isa = PBXGroup;
			children = (
				0088157826C20ACE008EADD1 /* AppDelegate.swift */,
				0088157A26C20ACE008EADD1 /* SceneDelegate.swift */,
				0088158C26C210A8008EADD1 /* LoginViewController.swift */,
				00F4A24626DCC7BF00622A36 /* CreateAccountViewController.swift */,
				0088159C26C21361008EADD1 /* ConsentViewController.swift */,
				008815A026C26FDC008EADD1 /* TabBarController.swift */,
				008E739E26D096880089A450 /* Const.swift */,
				009E2D9926D1E3EE009E7D2C /* PostData.swift */,
				0088158E26C210C9008EADD1 /* HomeViewController.swift */,
				00D8EE9826CDF8D9005FFB10 /* PurposeInputViewController.swift */,
				0099D77926CDFD75002B38EF /* BirthdayViewController.swift */,
				0099D77B26CDFDF6002B38EF /* FirstVisitViewController.swift */,
				0099D77D26CDFF05002B38EF /* DiagnosisViewController.swift */,
				0099D77F26CDFFDD002B38EF /* UpdateIndependenceViewController.swift */,
				0099D78126CE001D002B38EF /* UpdatePocketbookViewController.swift */,
				0081F75E26D4CDDB00094453 /* PocketbookGrade.swift */,
				0088159026C21135008EADD1 /* IndependenceViewController.swift */,
				00ACACD626EB481B003BC8D8 /* IndGuidance.swift */,
				0088159226C21172008EADD1 /* PocketbookViewController.swift */,
				0088159E26C26A83008EADD1 /* AccountViewController.swift */,
				00D8EE9626CCAF7D005FFB10 /* NameEditingViewController.swift */,
				0099D78526CE546C002B38EF /* EmailEditingViewController.swift */,
				0089BA3326D91ECD0008F327 /* ResetPasswordViewController.swift */,
				0088159626C21215008EADD1 /* GuidanceViewController.swift */,
				0088157E26C20ACE008EADD1 /* Main.storyboard */,
				0088158126C20ACF008EADD1 /* Assets.xcassets */,
				0088158326C20ACF008EADD1 /* LaunchScreen.storyboard */,
				0088158626C20ACF008EADD1 /* Info.plist */,
				00C058BD26C5FFD300B543E7 /* GoogleService-Info.plist */,
			);
			path = outpatientapp;
			sourceTree = "<group>";
		};
		065D39886D91C6340A48C22E /* Frameworks */ = {
			isa = PBXGroup;
			children = (
				C5EA8AD7D7F7745D55BB2E0B /* Pods_outpatientapp.framework */,
			);
			name = Frameworks;
			sourceTree = "<group>";
		};
		76CD33E50CA4B8DE02AD5046 /* Pods */ = {
			isa = PBXGroup;
			children = (
				0A8E545A7C550C1B0768768D /* Pods-outpatientapp.debug.xcconfig */,
				23441A376676536A5ECD0353 /* Pods-outpatientapp.release.xcconfig */,
			);
			path = Pods;
			sourceTree = "<group>";
		};
/* End PBXGroup section */

/* Begin PBXNativeTarget section */
		0088157426C20ACE008EADD1 /* outpatientapp */ = {
			isa = PBXNativeTarget;
			buildConfigurationList = 0088158926C20ACF008EADD1 /* Build configuration list for PBXNativeTarget "outpatientapp" */;
			buildPhases = (
				1244996D9608F92C55C2343B /* [CP] Check Pods Manifest.lock */,
				0088157126C20ACE008EADD1 /* Sources */,
				0088157226C20ACE008EADD1 /* Frameworks */,
				0088157326C20ACE008EADD1 /* Resources */,
				6EAEFD2FBC14210B831CE0E2 /* [CP] Embed Pods Frameworks */,
			);
			buildRules = (
			);
			dependencies = (
			);
			name = outpatientapp;
			productName = outpatientapp;
			productReference = 0088157526C20ACE008EADD1 /* outpatientapp.app */;
			productType = "com.apple.product-type.application";
		};
/* End PBXNativeTarget section */

/* Begin PBXProject section */
		0088156D26C20ACE008EADD1 /* Project object */ = {
			isa = PBXProject;
			attributes = {
				LastSwiftUpdateCheck = 1250;
				LastUpgradeCheck = 1250;
				TargetAttributes = {
					0088157426C20ACE008EADD1 = {
						CreatedOnToolsVersion = 12.5.1;
					};
				};
			};
			buildConfigurationList = 0088157026C20ACE008EADD1 /* Build configuration list for PBXProject "outpatientapp" */;
			compatibilityVersion = "Xcode 9.3";
			developmentRegion = en;
			hasScannedForEncodings = 0;
			knownRegions = (
				en,
				Base,
			);
			mainGroup = 0088156C26C20ACE008EADD1;
			productRefGroup = 0088157626C20ACE008EADD1 /* Products */;
			projectDirPath = "";
			projectRoot = "";
			targets = (
				0088157426C20ACE008EADD1 /* outpatientapp */,
			);
		};
/* End PBXProject section */

/* Begin PBXResourcesBuildPhase section */
		0088157326C20ACE008EADD1 /* Resources */ = {
			isa = PBXResourcesBuildPhase;
			buildActionMask = 2147483647;
			files = (
				0088158526C20ACF008EADD1 /* LaunchScreen.storyboard in Resources */,
				00C058BE26C5FFD300B543E7 /* GoogleService-Info.plist in Resources */,
				0088158226C20ACF008EADD1 /* Assets.xcassets in Resources */,
				0088158026C20ACE008EADD1 /* Main.storyboard in Resources */,
			);
			runOnlyForDeploymentPostprocessing = 0;
		};
/* End PBXResourcesBuildPhase section */

/* Begin PBXShellScriptBuildPhase section */
		1244996D9608F92C55C2343B /* [CP] Check Pods Manifest.lock */ = {
			isa = PBXShellScriptBuildPhase;
			buildActionMask = 2147483647;
			files = (
			);
			inputFileListPaths = (
			);
			inputPaths = (
				"${PODS_PODFILE_DIR_PATH}/Podfile.lock",
				"${PODS_ROOT}/Manifest.lock",
			);
			name = "[CP] Check Pods Manifest.lock";
			outputFileListPaths = (
			);
			outputPaths = (
				"$(DERIVED_FILE_DIR)/Pods-outpatientapp-checkManifestLockResult.txt",
			);
			runOnlyForDeploymentPostprocessing = 0;
			shellPath = /bin/sh;
			shellScript = "diff \"${PODS_PODFILE_DIR_PATH}/Podfile.lock\" \"${PODS_ROOT}/Manifest.lock\" > /dev/null\nif [ $? != 0 ] ; then\n    # print error to STDERR\n    echo \"error: The sandbox is not in sync with the Podfile.lock. Run 'pod install' or update your CocoaPods installation.\" >&2\n    exit 1\nfi\n# This output is used by Xcode 'outputs' to avoid re-running this script phase.\necho \"SUCCESS\" > \"${SCRIPT_OUTPUT_FILE_0}\"\n";
			showEnvVarsInLog = 0;
		};
		6EAEFD2FBC14210B831CE0E2 /* [CP] Embed Pods Frameworks */ = {
			isa = PBXShellScriptBuildPhase;
			buildActionMask = 2147483647;
			files = (
			);
			inputFileListPaths = (
				"${PODS_ROOT}/Target Support Files/Pods-outpatientapp/Pods-outpatientapp-frameworks-${CONFIGURATION}-input-files.xcfilelist",
			);
			name = "[CP] Embed Pods Frameworks";
			outputFileListPaths = (
				"${PODS_ROOT}/Target Support Files/Pods-outpatientapp/Pods-outpatientapp-frameworks-${CONFIGURATION}-output-files.xcfilelist",
			);
			runOnlyForDeploymentPostprocessing = 0;
			shellPath = /bin/sh;
			shellScript = "\"${PODS_ROOT}/Target Support Files/Pods-outpatientapp/Pods-outpatientapp-frameworks.sh\"\n";
			showEnvVarsInLog = 0;
		};
/* End PBXShellScriptBuildPhase section */

/* Begin PBXSourcesBuildPhase section */
		0088157126C20ACE008EADD1 /* Sources */ = {
			isa = PBXSourcesBuildPhase;
			buildActionMask = 2147483647;
			files = (
				0099D78226CE001D002B38EF /* UpdatePocketbookViewController.swift in Sources */,
				0088158F26C210C9008EADD1 /* HomeViewController.swift in Sources */,
				0099D77C26CDFDF6002B38EF /* FirstVisitViewController.swift in Sources */,
				0089BA3426D91ECD0008F327 /* ResetPasswordViewController.swift in Sources */,
				0088158D26C210A8008EADD1 /* LoginViewController.swift in Sources */,
				00D8EE9726CCAF7D005FFB10 /* NameEditingViewController.swift in Sources */,
				0099D77A26CDFD75002B38EF /* BirthdayViewController.swift in Sources */,
				0081F75F26D4CDDB00094453 /* PocketbookGrade.swift in Sources */,
				0099D78026CDFFDD002B38EF /* UpdateIndependenceViewController.swift in Sources */,
				0088159326C21172008EADD1 /* PocketbookViewController.swift in Sources */,
				00D8EE9926CDF8D9005FFB10 /* PurposeInputViewController.swift in Sources */,
				008E739F26D096880089A450 /* Const.swift in Sources */,
				0088159126C21135008EADD1 /* IndependenceViewController.swift in Sources */,
				0099D77E26CDFF05002B38EF /* DiagnosisViewController.swift in Sources */,
				00F4A24726DCC7BF00622A36 /* CreateAccountViewController.swift in Sources */,
				0088159D26C21361008EADD1 /* ConsentViewController.swift in Sources */,
				0088157926C20ACE008EADD1 /* AppDelegate.swift in Sources */,
				0088159726C21215008EADD1 /* GuidanceViewController.swift in Sources */,
				008815A126C26FDC008EADD1 /* TabBarController.swift in Sources */,
				0088157B26C20ACE008EADD1 /* SceneDelegate.swift in Sources */,
				0088159F26C26A84008EADD1 /* AccountViewController.swift in Sources */,
				009E2D9A26D1E3EE009E7D2C /* PostData.swift in Sources */,
				0099D78626CE546C002B38EF /* EmailEditingViewController.swift in Sources */,
				00ACACD726EB481B003BC8D8 /* IndGuidance.swift in Sources */,
			);
			runOnlyForDeploymentPostprocessing = 0;
		};
/* End PBXSourcesBuildPhase section */

/* Begin PBXVariantGroup section */
		0088157E26C20ACE008EADD1 /* Main.storyboard */ = {
			isa = PBXVariantGroup;
			children = (
				0088157F26C20ACE008EADD1 /* Base */,
			);
			name = Main.storyboard;
			sourceTree = "<group>";
		};
		0088158326C20ACF008EADD1 /* LaunchScreen.storyboard */ = {
			isa = PBXVariantGroup;
			children = (
				0088158426C20ACF008EADD1 /* Base */,
			);
			name = LaunchScreen.storyboard;
			sourceTree = "<group>";
		};
/* End PBXVariantGroup section */

/* Begin XCBuildConfiguration section */
		0088158726C20ACF008EADD1 /* Debug */ = {
			isa = XCBuildConfiguration;
			buildSettings = {
				ALWAYS_SEARCH_USER_PATHS = NO;
				CLANG_ANALYZER_NONNULL = YES;
				CLANG_ANALYZER_NUMBER_OBJECT_CONVERSION = YES_AGGRESSIVE;
				CLANG_CXX_LANGUAGE_STANDARD = "gnu++14";
				CLANG_CXX_LIBRARY = "libc++";
				CLANG_ENABLE_MODULES = YES;
				CLANG_ENABLE_OBJC_ARC = YES;
				CLANG_ENABLE_OBJC_WEAK = YES;
				CLANG_WARN_BLOCK_CAPTURE_AUTORELEASING = YES;
				CLANG_WARN_BOOL_CONVERSION = YES;
				CLANG_WARN_COMMA = YES;
				CLANG_WARN_CONSTANT_CONVERSION = YES;
				CLANG_WARN_DEPRECATED_OBJC_IMPLEMENTATIONS = YES;
				CLANG_WARN_DIRECT_OBJC_ISA_USAGE = YES_ERROR;
				CLANG_WARN_DOCUMENTATION_COMMENTS = YES;
				CLANG_WARN_EMPTY_BODY = YES;
				CLANG_WARN_ENUM_CONVERSION = YES;
				CLANG_WARN_INFINITE_RECURSION = YES;
				CLANG_WARN_INT_CONVERSION = YES;
				CLANG_WARN_NON_LITERAL_NULL_CONVERSION = YES;
				CLANG_WARN_OBJC_IMPLICIT_RETAIN_SELF = YES;
				CLANG_WARN_OBJC_LITERAL_CONVERSION = YES;
				CLANG_WARN_OBJC_ROOT_CLASS = YES_ERROR;
				CLANG_WARN_QUOTED_INCLUDE_IN_FRAMEWORK_HEADER = YES;
				CLANG_WARN_RANGE_LOOP_ANALYSIS = YES;
				CLANG_WARN_STRICT_PROTOTYPES = YES;
				CLANG_WARN_SUSPICIOUS_MOVE = YES;
				CLANG_WARN_UNGUARDED_AVAILABILITY = YES_AGGRESSIVE;
				CLANG_WARN_UNREACHABLE_CODE = YES;
				CLANG_WARN__DUPLICATE_METHOD_MATCH = YES;
				COPY_PHASE_STRIP = NO;
				DEBUG_INFORMATION_FORMAT = dwarf;
				ENABLE_STRICT_OBJC_MSGSEND = YES;
				ENABLE_TESTABILITY = YES;
				GCC_C_LANGUAGE_STANDARD = gnu11;
				GCC_DYNAMIC_NO_PIC = NO;
				GCC_NO_COMMON_BLOCKS = YES;
				GCC_OPTIMIZATION_LEVEL = 0;
				GCC_PREPROCESSOR_DEFINITIONS = (
					"DEBUG=1",
					"$(inherited)",
				);
				GCC_WARN_64_TO_32_BIT_CONVERSION = YES;
				GCC_WARN_ABOUT_RETURN_TYPE = YES_ERROR;
				GCC_WARN_UNDECLARED_SELECTOR = YES;
				GCC_WARN_UNINITIALIZED_AUTOS = YES_AGGRESSIVE;
				GCC_WARN_UNUSED_FUNCTION = YES;
				GCC_WARN_UNUSED_VARIABLE = YES;
				IPHONEOS_DEPLOYMENT_TARGET = 14.5;
				MTL_ENABLE_DEBUG_INFO = INCLUDE_SOURCE;
				MTL_FAST_MATH = YES;
				ONLY_ACTIVE_ARCH = YES;
				SDKROOT = iphoneos;
				SWIFT_ACTIVE_COMPILATION_CONDITIONS = DEBUG;
				SWIFT_OPTIMIZATION_LEVEL = "-Onone";
			};
			name = Debug;
		};
		0088158826C20ACF008EADD1 /* Release */ = {
			isa = XCBuildConfiguration;
			buildSettings = {
				ALWAYS_SEARCH_USER_PATHS = NO;
				CLANG_ANALYZER_NONNULL = YES;
				CLANG_ANALYZER_NUMBER_OBJECT_CONVERSION = YES_AGGRESSIVE;
				CLANG_CXX_LANGUAGE_STANDARD = "gnu++14";
				CLANG_CXX_LIBRARY = "libc++";
				CLANG_ENABLE_MODULES = YES;
				CLANG_ENABLE_OBJC_ARC = YES;
				CLANG_ENABLE_OBJC_WEAK = YES;
				CLANG_WARN_BLOCK_CAPTURE_AUTORELEASING = YES;
				CLANG_WARN_BOOL_CONVERSION = YES;
				CLANG_WARN_COMMA = YES;
				CLANG_WARN_CONSTANT_CONVERSION = YES;
				CLANG_WARN_DEPRECATED_OBJC_IMPLEMENTATIONS = YES;
				CLANG_WARN_DIRECT_OBJC_ISA_USAGE = YES_ERROR;
				CLANG_WARN_DOCUMENTATION_COMMENTS = YES;
				CLANG_WARN_EMPTY_BODY = YES;
				CLANG_WARN_ENUM_CONVERSION = YES;
				CLANG_WARN_INFINITE_RECURSION = YES;
				CLANG_WARN_INT_CONVERSION = YES;
				CLANG_WARN_NON_LITERAL_NULL_CONVERSION = YES;
				CLANG_WARN_OBJC_IMPLICIT_RETAIN_SELF = YES;
				CLANG_WARN_OBJC_LITERAL_CONVERSION = YES;
				CLANG_WARN_OBJC_ROOT_CLASS = YES_ERROR;
				CLANG_WARN_QUOTED_INCLUDE_IN_FRAMEWORK_HEADER = YES;
				CLANG_WARN_RANGE_LOOP_ANALYSIS = YES;
				CLANG_WARN_STRICT_PROTOTYPES = YES;
				CLANG_WARN_SUSPICIOUS_MOVE = YES;
				CLANG_WARN_UNGUARDED_AVAILABILITY = YES_AGGRESSIVE;
				CLANG_WARN_UNREACHABLE_CODE = YES;
				CLANG_WARN__DUPLICATE_METHOD_MATCH = YES;
				COPY_PHASE_STRIP = NO;
				DEBUG_INFORMATION_FORMAT = "dwarf-with-dsym";
				ENABLE_NS_ASSERTIONS = NO;
				ENABLE_STRICT_OBJC_MSGSEND = YES;
				GCC_C_LANGUAGE_STANDARD = gnu11;
				GCC_NO_COMMON_BLOCKS = YES;
				GCC_WARN_64_TO_32_BIT_CONVERSION = YES;
				GCC_WARN_ABOUT_RETURN_TYPE = YES_ERROR;
				GCC_WARN_UNDECLARED_SELECTOR = YES;
				GCC_WARN_UNINITIALIZED_AUTOS = YES_AGGRESSIVE;
				GCC_WARN_UNUSED_FUNCTION = YES;
				GCC_WARN_UNUSED_VARIABLE = YES;
				IPHONEOS_DEPLOYMENT_TARGET = 14.5;
				MTL_ENABLE_DEBUG_INFO = NO;
				MTL_FAST_MATH = YES;
				SDKROOT = iphoneos;
				SWIFT_COMPILATION_MODE = wholemodule;
				SWIFT_OPTIMIZATION_LEVEL = "-O";
				VALIDATE_PRODUCT = YES;
			};
			name = Release;
		};
		0088158A26C20ACF008EADD1 /* Debug */ = {
			isa = XCBuildConfiguration;
			baseConfigurationReference = 0A8E545A7C550C1B0768768D /* Pods-outpatientapp.debug.xcconfig */;
			buildSettings = {
				ASSETCATALOG_COMPILER_APPICON_NAME = AppIcon;
				ASSETCATALOG_COMPILER_GLOBAL_ACCENT_COLOR_NAME = AccentColor;
				CODE_SIGN_STYLE = Automatic;
				DEVELOPMENT_TEAM = H82X4TU3TW;
				INFOPLIST_FILE = outpatientapp/Info.plist;
				LD_RUNPATH_SEARCH_PATHS = (
					"$(inherited)",
					"@executable_path/Frameworks",
				);
				PRODUCT_BUNDLE_IDENTIFIER = jp.techacademy.fumikato.294.outpatientapp;
				PRODUCT_NAME = "$(TARGET_NAME)";
				SWIFT_VERSION = 5.0;
				TARGETED_DEVICE_FAMILY = 1;
			};
			name = Debug;
		};
		0088158B26C20ACF008EADD1 /* Release */ = {
			isa = XCBuildConfiguration;
			baseConfigurationReference = 23441A376676536A5ECD0353 /* Pods-outpatientapp.release.xcconfig */;
			buildSettings = {
				ASSETCATALOG_COMPILER_APPICON_NAME = AppIcon;
				ASSETCATALOG_COMPILER_GLOBAL_ACCENT_COLOR_NAME = AccentColor;
				CODE_SIGN_STYLE = Automatic;
				DEVELOPMENT_TEAM = H82X4TU3TW;
				INFOPLIST_FILE = outpatientapp/Info.plist;
				LD_RUNPATH_SEARCH_PATHS = (
					"$(inherited)",
					"@executable_path/Frameworks",
				);
				PRODUCT_BUNDLE_IDENTIFIER = jp.techacademy.fumikato.294.outpatientapp;
				PRODUCT_NAME = "$(TARGET_NAME)";
				SWIFT_VERSION = 5.0;
				TARGETED_DEVICE_FAMILY = 1;
			};
			name = Release;
		};
/* End XCBuildConfiguration section */

/* Begin XCConfigurationList section */
		0088157026C20ACE008EADD1 /* Build configuration list for PBXProject "outpatientapp" */ = {
			isa = XCConfigurationList;
			buildConfigurations = (
				0088158726C20ACF008EADD1 /* Debug */,
				0088158826C20ACF008EADD1 /* Release */,
			);
			defaultConfigurationIsVisible = 0;
			defaultConfigurationName = Release;
		};
		0088158926C20ACF008EADD1 /* Build configuration list for PBXNativeTarget "outpatientapp" */ = {
			isa = XCConfigurationList;
			buildConfigurations = (
				0088158A26C20ACF008EADD1 /* Debug */,
				0088158B26C20ACF008EADD1 /* Release */,
			);
			defaultConfigurationIsVisible = 0;
			defaultConfigurationName = Release;
		};
/* End XCConfigurationList section */
	};
	rootObject = 0088156D26C20ACE008EADD1 /* Project object */;
}
